
Microsoft Visual Studio Solution File, Format Version 12.00
# Visual Studio 2013
VisualStudioVersion = 12.0.31101.0
MinimumVisualStudioVersion = 10.0.40219.1
Project("{FAE04EC0-301F-11D3-BF4B-00C04F79EFBC}") = "yapay_sinir_ağları", "yapay_sinir_ağları\yapay_sinir_ağları.csproj", "{ED2CFC51-8D26-4742-AE48-14A0ABFD072A}"
EndProject
Global
	GlobalSection(SolutionConfigurationPlatforms) = preSolution
		Debug|Any CPU = Debug|Any CPU
		Release|Any CPU = Release|Any CPU
	EndGlobalSection
	GlobalSection(ProjectConfigurationPlatforms) = postSolution
		{ED2CFC51-8D26-4742-AE48-14A0ABFD072A}.Debug|Any CPU.ActiveCfg = Debug|Any CPU
		{ED2CFC51-8D26-4742-AE48-14A0ABFD072A}.Debug|Any CPU.Build.0 = Debug|Any CPU
		{ED2CFC51-8D26-4742-AE48-14A0ABFD072A}.Release|Any CPU.ActiveCfg = Release|Any CPU
		{ED2CFC51-8D26-4742-AE48-14A0ABFD072A}.Release|Any CPU.Build.0 = Release|Any CPU
	EndGlobalSection
	GlobalSection(SolutionProperties) = preSolution
		HideSolutionNode = FALSE
	EndGlobalSection
EndGlobal
